
Microsoft Visual Studio Solution File, Format Version 12.00
# Visual Studio Version 16
VisualStudioVersion = 16.0.30413.136
MinimumVisualStudioVersion = 10.0.40219.1
Project("{9A19103F-16F7-4668-BE54-9A1E7A4F7556}") = "TodoManager", "TodoManager.csproj", "{4FB7F6DE-F59C-4702-BC1B-F9893D96CC20}"
EndProject
Project("{FAE04EC0-301F-11D3-BF4B-00C04F79EFBC}") = "TodoManagerTests", "..\TodoManagerTests\TodoManagerTests.csproj", "{BB6B2C29-20CB-4A95-9291-5B82212321E5}"
EndProject
Global
	GlobalSection(SolutionConfigurationPlatforms) = preSolution
		Debug|Any CPU = Debug|Any CPU
		Release|Any CPU = Release|Any CPU
	EndGlobalSection
	GlobalSection(ProjectConfigurationPlatforms) = postSolution
		{4FB7F6DE-F59C-4702-BC1B-F9893D96CC20}.Debug|Any CPU.ActiveCfg = Debug|Any CPU
		{4FB7F6DE-F59C-4702-BC1B-F9893D96CC20}.Debug|Any CPU.Build.0 = Debug|Any CPU
		{4FB7F6DE-F59C-4702-BC1B-F9893D96CC20}.Release|Any CPU.ActiveCfg = Release|Any CPU
		{4FB7F6DE-F59C-4702-BC1B-F9893D96CC20}.Release|Any CPU.Build.0 = Release|Any CPU
		{BB6B2C29-20CB-4A95-9291-5B82212321E5}.Debug|Any CPU.ActiveCfg = Debug|Any CPU
		{BB6B2C29-20CB-4A95-9291-5B82212321E5}.Debug|Any CPU.Build.0 = Debug|Any CPU
		{BB6B2C29-20CB-4A95-9291-5B82212321E5}.Release|Any CPU.ActiveCfg = Release|Any CPU
		{BB6B2C29-20CB-4A95-9291-5B82212321E5}.Release|Any CPU.Build.0 = Release|Any CPU
	EndGlobalSection
	GlobalSection(SolutionProperties) = preSolution
		HideSolutionNode = FALSE
	EndGlobalSection
	GlobalSection(ExtensibilityGlobals) = postSolution
		SolutionGuid = {877FBFB9-BD5C-4726-8C79-4A3AB41A3560}
	EndGlobalSection
EndGlobal
